
Microsoft Visual Studio Solution File, Format Version 12.00
# Visual Studio Version 17
VisualStudioVersion = 17.3.32825.248
MinimumVisualStudioVersion = 10.0.40219.1
Project("{FAE04EC0-301F-11D3-BF4B-00C04F79EFBC}") = "CRUD.WebAPI", "CRUD.WebAPI\CRUD.WebAPI.csproj", "{758E2C10-AC55-40BD-8509-C221FB0CA540}"
EndProject
Global
	GlobalSection(SolutionConfigurationPlatforms) = preSolution
		Debug|Any CPU = Debug|Any CPU
		Release|Any CPU = Release|Any CPU
	EndGlobalSection
	GlobalSection(ProjectConfigurationPlatforms) = postSolution
		{758E2C10-AC55-40BD-8509-C221FB0CA540}.Debug|Any CPU.ActiveCfg = Debug|Any CPU
		{758E2C10-AC55-40BD-8509-C221FB0CA540}.Debug|Any CPU.Build.0 = Debug|Any CPU
		{758E2C10-AC55-40BD-8509-C221FB0CA540}.Release|Any CPU.ActiveCfg = Release|Any CPU
		{758E2C10-AC55-40BD-8509-C221FB0CA540}.Release|Any CPU.Build.0 = Release|Any CPU
	EndGlobalSection
	GlobalSection(SolutionProperties) = preSolution
		HideSolutionNode = FALSE
	EndGlobalSection
	GlobalSection(ExtensibilityGlobals) = postSolution
		SolutionGuid = {D09F9388-794D-4F13-B790-586841C15AC5}
	EndGlobalSection
EndGlobal
